
Microsoft Visual Studio Solution File, Format Version 12.00
# Visual Studio Version 17
VisualStudioVersion = 17.4.33213.308
MinimumVisualStudioVersion = 10.0.40219.1
Project("{9A19103F-16F7-4668-BE54-9A1E7A4F7556}") = "ActorBackend", "ActorBackend\ActorBackend.csproj", "{409201EB-3ADE-49CA-A202-9CE2DA2F37DD}"
EndProject
Global
	GlobalSection(SolutionConfigurationPlatforms) = preSolution
		Debug|Any CPU = Debug|Any CPU
		Release|Any CPU = Release|Any CPU
	EndGlobalSection
	GlobalSection(ProjectConfigurationPlatforms) = postSolution
		{409201EB-3ADE-49CA-A202-9CE2DA2F37DD}.Debug|Any CPU.ActiveCfg = Debug|Any CPU
		{409201EB-3ADE-49CA-A202-9CE2DA2F37DD}.Debug|Any CPU.Build.0 = Debug|Any CPU
		{409201EB-3ADE-49CA-A202-9CE2DA2F37DD}.Release|Any CPU.ActiveCfg = Release|Any CPU
		{409201EB-3ADE-49CA-A202-9CE2DA2F37DD}.Release|Any CPU.Build.0 = Release|Any CPU
	EndGlobalSection
	GlobalSection(SolutionProperties) = preSolution
		HideSolutionNode = FALSE
	EndGlobalSection
	GlobalSection(ExtensibilityGlobals) = postSolution
		SolutionGuid = {CC239AA7-DE11-423E-9552-BF7A5BAAE594}
	EndGlobalSection
EndGlobal
